<?xml version="1.0" encoding="utf-8"?>
<Project ToolsVersion="4.0" xmlns="http://schemas.microsoft.com/developer/msbuild/2003">
  <ItemGroup>
    <None Include="README.md">
      <Filter>Resources</Filter>
    </None>
    <None Include=".gitignore">
      <Filter>Resources</Filter>
    </None>
    <None Include="packages.config">
      <Filter>Resources</Filter>
    </None>
  </ItemGroup>
  <ItemGroup>
    <ClCompile Include="main.cpp" />
    <ClCompile Include="Suit.cpp">
      <Filter>Classes\Suit</Filter>
    </ClCompile>
    <ClCompile Include="Face.cpp">
      <Filter>Classes\Face</Filter>
    </ClCompile>
    <ClCompile Include="Card.cpp">
      <Filter>Classes\Card</Filter>
    </ClCompile>
    <ClCompile Include="HandValue.cpp">
      <Filter>Classes\HandValue</Filter>
    </ClCompile>
    <ClCompile Include="Hand.cpp">
      <Filter>Classes\Hand</Filter>
    </ClCompile>
    <ClCompile Include="AllHands.cpp">
      <Filter>Classes\AllHands</Filter>
    </ClCompile>
    <ClCompile Include="HoleCards.cpp">
      <Filter>Classes\HoleCards</Filter>
    </ClCompile>
    <ClCompile Include="Odds.cpp">
      <Filter>Classes\Odds</Filter>
    </ClCompile>
    <ClCompile Include="OddsCache.cpp">
      <Filter>Classes\OddsCache</Filter>
    </ClCompile>
    <ClCompile Include="Math.cpp">
      <Filter>Classes\Math</Filter>
    </ClCompile>
    <ClCompile Include="pch.cpp">
      <Filter>Headers</Filter>
    </ClCompile>
    <ClCompile Include="Deck.cpp">
      <Filter>Classes\Deck</Filter>
    </ClCompile>
    <ClCompile Include="LargeOdds.cpp">
      <Filter>Classes\LargeOdds</Filter>
    </ClCompile>
    <ClCompile Include="CardSet.cpp">
      <Filter>Classes\CardSet</Filter>
    </ClCompile>
    <ClCompile Include="LargeOddsComputer.cpp">
      <Filter>Classes\LargeOddsComputer</Filter>
    </ClCompile>
    <ClCompile Include="PreflopOdds.cpp">
      <Filter>Classes\PreflopOdds</Filter>
    </ClCompile>
    <ClCompile Include="TwoCardOverlap.cpp">
      <Filter>Classes\TwoCardOverlap</Filter>
    </ClCompile>
    <ClCompile Include="Timer.cpp">
      <Filter>Classes\Timer</Filter>
    </ClCompile>
    <ClCompile Include="test4.cpp">
      <Filter>Tests</Filter>
    </ClCompile>
    <ClCompile Include="test5.cpp">
      <Filter>Tests</Filter>
    </ClCompile>
    <ClCompile Include="test6.cpp">
      <Filter>Tests</Filter>
    </ClCompile>
    <ClCompile Include="test7.cpp">
      <Filter>Tests</Filter>
    </ClCompile>
    <ClCompile Include="test8.cpp">
      <Filter>Tests</Filter>
    </ClCompile>
    <ClCompile Include="test9.cpp">
      <Filter>Tests</Filter>
    </ClCompile>
    <ClCompile Include="test10.cpp">
      <Filter>Tests</Filter>
    </ClCompile>
  </ItemGroup>
  <ItemGroup>
    <Filter Include="Classes">
      <UniqueIdentifier>{d1250ee2-3dde-4056-89e8-23bee96786ee}</UniqueIdentifier>
    </Filter>
    <Filter Include="Headers">
      <UniqueIdentifier>{b1b35f80-e31e-455c-a821-38bbd856b4e4}</UniqueIdentifier>
    </Filter>
    <Filter Include="Resources">
      <UniqueIdentifier>{e9f8520a-9625-4150-89ae-8e5260f35832}</UniqueIdentifier>
    </Filter>
    <Filter Include="Classes\Suit">
      <UniqueIdentifier>{dfb30ac1-952f-416d-89cb-12ebd73c92ea}</UniqueIdentifier>
    </Filter>
    <Filter Include="Classes\Face">
      <UniqueIdentifier>{798d3e70-3fe8-4fc1-b8fc-a0a082452bbc}</UniqueIdentifier>
    </Filter>
    <Filter Include="Classes\Deck">
      <UniqueIdentifier>{5d88e681-fd40-42a5-a8dc-ea8a973096cc}</UniqueIdentifier>
    </Filter>
    <Filter Include="Classes\Card">
      <UniqueIdentifier>{ca185511-c13b-4f9e-a3c4-283880f6174a}</UniqueIdentifier>
    </Filter>
    <Filter Include="Classes\HandValue">
      <UniqueIdentifier>{a7d56328-4c67-4ba7-84c1-123cd6df4a1d}</UniqueIdentifier>
    </Filter>
    <Filter Include="Classes\HandSize">
      <UniqueIdentifier>{de11ecfb-f858-4e29-a141-8c6cabcaf2eb}</UniqueIdentifier>
    </Filter>
    <Filter Include="Classes\HandType">
      <UniqueIdentifier>{f7ceaf8c-70da-411b-ac52-93b3ab5d7fa5}</UniqueIdentifier>
    </Filter>
    <Filter Include="Classes\Hand">
      <UniqueIdentifier>{9dbd29bc-7236-4b4f-b90c-d5e3bf36919f}</UniqueIdentifier>
    </Filter>
    <Filter Include="Classes\AllHands">
      <UniqueIdentifier>{5a8f8d84-c1d3-4331-9fe6-2cb25f9138a0}</UniqueIdentifier>
    </Filter>
    <Filter Include="Classes\HoleCards">
      <UniqueIdentifier>{d947ff95-30ac-45e1-b547-faf2361795b3}</UniqueIdentifier>
    </Filter>
    <Filter Include="Classes\Odds">
      <UniqueIdentifier>{4e8959c4-5dc2-4c74-80d1-5c85025ab2b4}</UniqueIdentifier>
    </Filter>
    <Filter Include="Classes\OddsCache">
      <UniqueIdentifier>{fea775a9-21c6-4739-9b41-a55e8c48448b}</UniqueIdentifier>
    </Filter>
    <Filter Include="Classes\Math">
      <UniqueIdentifier>{debad357-112b-4870-818e-525512d7d148}</UniqueIdentifier>
    </Filter>
    <Filter Include="Classes\LargeOdds">
      <UniqueIdentifier>{5d26f2ab-fbe7-40c2-abd7-3db2fd2c4826}</UniqueIdentifier>
    </Filter>
    <Filter Include="Classes\CardSet">
      <UniqueIdentifier>{b9335837-f673-4015-8876-aab8735484c5}</UniqueIdentifier>
    </Filter>
    <Filter Include="Classes\LargeOddsComputer">
      <UniqueIdentifier>{af75951e-525c-49c1-8ea9-36b4a675de13}</UniqueIdentifier>
    </Filter>
    <Filter Include="Classes\PreflopOdds">
      <UniqueIdentifier>{62fe598b-d347-413a-be55-a6f2f3412728}</UniqueIdentifier>
    </Filter>
    <Filter Include="Classes\TwoCardOverlap">
      <UniqueIdentifier>{4b063c88-7957-41c9-8e9e-aa9223d2c980}</UniqueIdentifier>
    </Filter>
    <Filter Include="Classes\Timer">
      <UniqueIdentifier>{9b3c87ec-d922-4f8a-8271-3bb814e23ca3}</UniqueIdentifier>
    </Filter>
    <Filter Include="Tests">
      <UniqueIdentifier>{3fb86f4f-7cb9-46f0-99ec-324209c15820}</UniqueIdentifier>
    </Filter>
  </ItemGroup>
  <ItemGroup>
    <ClInclude Include="Suit.h">
      <Filter>Classes\Suit</Filter>
    </ClInclude>
    <ClInclude Include="Face.h">
      <Filter>Classes\Face</Filter>
    </ClInclude>
    <ClInclude Include="Deck.h">
      <Filter>Classes\Deck</Filter>
    </ClInclude>
    <ClInclude Include="Card.h">
      <Filter>Classes\Card</Filter>
    </ClInclude>
    <ClInclude Include="HandValue.h">
      <Filter>Classes\HandValue</Filter>
    </ClInclude>
    <ClInclude Include="HandSize.h">
      <Filter>Classes\HandSize</Filter>
    </ClInclude>
    <ClInclude Include="HandType.h">
      <Filter>Classes\HandType</Filter>
    </ClInclude>
    <ClInclude Include="Hand.h">
      <Filter>Classes\Hand</Filter>
    </ClInclude>
    <ClInclude Include="AllHands.h">
      <Filter>Classes\AllHands</Filter>
    </ClInclude>
    <ClInclude Include="HoleCards.h">
      <Filter>Classes\HoleCards</Filter>
    </ClInclude>
    <ClInclude Include="Odds.h">
      <Filter>Classes\Odds</Filter>
    </ClInclude>
    <ClInclude Include="OddsCache.h">
      <Filter>Classes\OddsCache</Filter>
    </ClInclude>
    <ClInclude Include="Math.h">
      <Filter>Classes\Math</Filter>
    </ClInclude>
    <ClInclude Include="pch.h">
      <Filter>Headers</Filter>
    </ClInclude>
    <ClInclude Include="LargeOdds.h">
      <Filter>Classes\LargeOdds</Filter>
    </ClInclude>
    <ClInclude Include="CardSet.h">
      <Filter>Classes\CardSet</Filter>
    </ClInclude>
    <ClInclude Include="LargeOddsComputer.h">
      <Filter>Classes\LargeOddsComputer</Filter>
    </ClInclude>
    <ClInclude Include="PreflopOdds.h">
      <Filter>Classes\PreflopOdds</Filter>
    </ClInclude>
    <ClInclude Include="TwoCardOverlap.h">
      <Filter>Classes\TwoCardOverlap</Filter>
    </ClInclude>
    <ClInclude Include="Timer.h">
      <Filter>Classes\Timer</Filter>
    </ClInclude>
  </ItemGroup>
  <ItemGroup>
    <Text Include="1-opponent-odds.txt">
      <Filter>Resources</Filter>
    </Text>
    <Text Include="2-opponent-odds.txt">
      <Filter>Resources</Filter>
    </Text>
    <Text Include="3-opponent-odds.txt">
      <Filter>Resources</Filter>
    </Text>
    <Text Include="4-opponent-odds.txt">
      <Filter>Resources</Filter>
    </Text>
    <Text Include="5-opponent-odds.txt">
      <Filter>Resources</Filter>
    </Text>
    <Text Include="6-opponent-odds.txt">
      <Filter>Resources</Filter>
    </Text>
    <Text Include="7-opponent-odds.txt">
      <Filter>Resources</Filter>
    </Text>
    <Text Include="8-opponent-odds.txt">
      <Filter>Resources</Filter>
    </Text>
    <Text Include="all-odds.txt">
      <Filter>Resources</Filter>
    </Text>
    <Text Include="Max-2-card-loss-counts.txt">
      <Filter>Resources</Filter>
    </Text>
  </ItemGroup>
</Project>